# THIS IS AN AUTOGENERATED FILE. DO NOT EDIT THIS FILE DIRECTLY.
# yarn lockfile v1


"@next/font@^13.0.2":
  version "13.0.2"
  resolved "https://registry.yarnpkg.com/@next/font/-/font-13.0.2.tgz#509467d6e4a04b67de2e5f21fd682227c2240cdb"
  integrity sha512-tLbyZCA1uF8HjbUEN5c4zB453yEzt5aT9VDhXPw1/eJhX4U0Q4lD3s3Bs+gpCjuLrEgILd56jQuzxgrMnWHH8A==
